{
    "_meta": {
        "hash": {
            "sha256": "1356c5d7dc6a380e42f05954ae3f6306b26c9c9f1b01176b88ee2c6d5dac7d18"
        },
        "pipfile-spec": 6,
        "requires": {
            "python_version": "3.11"
        },
        "sources": [
            {
                "name": "pypi",
                "url": "https://pypi.org/simple",
                "verify_ssl": true
            }
        ]
    },
    "default": {
        "anyio": {
            "hashes": [
                "sha256:745843b39e829e108e518c489b31dc757de7d2131d53fac32bd8df268227bfee",
                "sha256:e1875bb4b4e2de1669f4bc7869b6d3f54231cdced71605e6e64c9be77e3be50f"
            ],
            "markers": "python_version >= '3.8'",
            "version": "==4.2.0"
        },
        "apify-client": {
            "hashes": [
                "sha256:1130699939e4d924b0755bc4bb3ce9a65bb10ba0af594c3eeba608e3e4ea79c7",
                "sha256:f1797850153c7789ef2ef7c914a820617c5e305970f12cfbe9ad43023a0aaa1b"
            ],
            "index": "pypi",
            "markers": "python_version >= '3.8'",
            "version": "==1.6.2"
        },
        "apify-shared": {
            "hashes": [
                "sha256:3298c8260cab9f277c1c1d8c020270e5fe829425eb96767f0cfecd9dd85954e5",
                "sha256:955c966a5b7b32a19c93c14e53d96d1af89ee00f0197f31923d88332fbfb15ec"
            ],
            "markers": "python_version >= '3.8'",
            "version": "==1.1.1"
        },
        "bcrypt": {
            "hashes": [
                "sha256:02d9ef8915f72dd6daaef40e0baeef8a017ce624369f09754baf32bb32dba25f",
                "sha256:1c28973decf4e0e69cee78c68e30a523be441972c826703bb93099868a8ff5b5",
                "sha256:2a298db2a8ab20056120b45e86c00a0a5eb50ec4075b6142db35f593b97cb3fb",
                "sha256:33313a1200a3ae90b75587ceac502b048b840fc69e7f7a0905b5f87fac7a1258",
                "sha256:3566a88234e8de2ccae31968127b0ecccbb4cddb629da744165db72b58d88ca4",
                "sha256:387e7e1af9a4dd636b9505a465032f2f5cb8e61ba1120e79a0e1cd0b512f3dfc",
                "sha256:44290ccc827d3a24604f2c8bcd00d0da349e336e6503656cb8192133e27335e2",
                "sha256:57fa9442758da926ed33a91644649d3e340a71e2d0a5a8de064fb621fd5a3326",
                "sha256:68e3c6642077b0c8092580c819c1684161262b2e30c4f45deb000c38947bf483",
                "sha256:69057b9fc5093ea1ab00dd24ede891f3e5e65bee040395fb1e66ee196f9c9b4a",
                "sha256:6cad43d8c63f34b26aef462b6f5e44fdcf9860b723d2453b5d391258c4c8e966",
                "sha256:71b8be82bc46cedd61a9f4ccb6c1a493211d031415a34adde3669ee1b0afbb63",
                "sha256:732b3920a08eacf12f93e6b04ea276c489f1c8fb49344f564cca2adb663b3e4c",
                "sha256:9800ae5bd5077b13725e2e3934aa3c9c37e49d3ea3d06318010aa40f54c63551",
                "sha256:a97e07e83e3262599434816f631cc4c7ca2aa8e9c072c1b1a7fec2ae809a1d2d",
                "sha256:ac621c093edb28200728a9cca214d7e838529e557027ef0581685909acd28b5e",
                "sha256:b8df79979c5bae07f1db22dcc49cc5bccf08a0380ca5c6f391cbb5790355c0b0",
                "sha256:b90e216dc36864ae7132cb151ffe95155a37a14e0de3a8f64b49655dd959ff9c",
                "sha256:ba4e4cc26610581a6329b3937e02d319f5ad4b85b074846bf4fef8a8cf51e7bb",
                "sha256:ba55e40de38a24e2d78d34c2d36d6e864f93e0d79d0b6ce915e4335aa81d01b1",
                "sha256:be3ab1071662f6065899fe08428e45c16aa36e28bc42921c4901a191fda6ee42",
                "sha256:d75fc8cd0ba23f97bae88a6ec04e9e5351ff3c6ad06f38fe32ba50cbd0d11946",
                "sha256:e51c42750b7585cee7892c2614be0d14107fad9581d1738d954a262556dd1aab",
                "sha256:ea505c97a5c465ab8c3ba75c0805a102ce526695cd6818c6de3b1a38f6f60da1",
                "sha256:eb3bd3321517916696233b5e0c67fd7d6281f0ef48e66812db35fc963a422a1c",
                "sha256:f70d9c61f9c4ca7d57f3bfe88a5ccf62546ffbadf3681bb1e268d9d2e41c91a7",
                "sha256:fbe188b878313d01b7718390f31528be4010fed1faa798c5a1d0469c9c48c369"
            ],
            "index": "pypi",
            "markers": "python_version >= '3.7'",
            "version": "==4.1.2"
        },
        "blinker": {
            "hashes": [
                "sha256:c3f865d4d54db7abc53758a01601cf343fe55b84c1de4e3fa910e420b438d5b9",
                "sha256:e6820ff6fa4e4d1d8e2747c2283749c3f547e4fee112b98555cdcdae32996182"
            ],
            "markers": "python_version >= '3.8'",
            "version": "==1.7.0"
        },
        "certifi": {
            "hashes": [
                "sha256:9b469f3a900bf28dc19b8cfbf8019bf47f7fdd1a65a1d4ffb98fc14166beb4d1",
                "sha256:e036ab49d5b79556f99cfc2d9320b34cfbe5be05c5871b51de9329f0603b0474"
            ],
            "markers": "python_version >= '3.6'",
            "version": "==2023.11.17"
        },
        "click": {
            "hashes": [
                "sha256:ae74fb96c20a0277a1d615f1e4d73c8414f5a98db8b799a7931d1582f3390c28",
                "sha256:ca9853ad459e787e2192211578cc907e7594e294c7ccc834310722b41b9ca6de"
            ],
            "markers": "python_version >= '3.7'",
            "version": "==8.1.7"
        },
        "colorama": {
            "hashes": [
                "sha256:08695f5cb7ed6e0531a20572697297273c47b8cae5a63ffc6d6ed5c201be6e44",
                "sha256:4f1d9991f5acc0ca119f9d443620b77f9d6b33703e51011c16baf57afb285fc6"
            ],
            "markers": "platform_system == 'Windows'",
            "version": "==0.4.6"
        },
        "configparser": {
            "hashes": [
                "sha256:900ea2bb01b2540b1a644ad3d5351e9b961a4a012d4732f619375fb8f641ee19",
                "sha256:ec914ab1e56c672de1f5c3483964e68f71b34e457904b7b76e06b922aec067a8"
            ],
            "index": "pypi",
            "markers": "python_version >= '3.8'",
            "version": "==6.0.0"
        },
        "flask": {
            "hashes": [
                "sha256:21128f47e4e3b9d597a3e8521a329bf56909b690fcc3fa3e477725aa81367638",
                "sha256:cfadcdb638b609361d29ec22360d6070a77d7463dcb3ab08d2c2f2f168845f58"
            ],
            "index": "pypi",
            "markers": "python_version >= '3.8'",
            "version": "==3.0.0"
        },
        "h11": {
            "hashes": [
                "sha256:8f19fbbe99e72420ff35c00b27a34cb9937e902a8b810e2c88300c6f0a3b699d",
                "sha256:e3fe4ac4b851c468cc8363d500db52c2ead036020723024a109d37346efaa761"
            ],
            "markers": "python_version >= '3.7'",
            "version": "==0.14.0"
        },
        "httpcore": {
            "hashes": [
                "sha256:096cc05bca73b8e459a1fc3dcf585148f63e534eae4339559c9b8a8d6399acc7",
                "sha256:9fc092e4799b26174648e54b74ed5f683132a464e95643b226e00c2ed2fa6535"
            ],
            "markers": "python_version >= '3.8'",
            "version": "==1.0.2"
        },
        "httpx": {
            "hashes": [
                "sha256:451b55c30d5185ea6b23c2c793abf9bb237d2a7dfb901ced6ff69ad37ec1dfaf",
                "sha256:8915f5a3627c4d47b73e8202457cb28f1266982d1159bd5779d86a80c0eab1cd"
            ],
            "markers": "python_version >= '3.8'",
            "version": "==0.26.0"
        },
        "idna": {
            "hashes": [
                "sha256:9ecdbbd083b06798ae1e86adcbfe8ab1479cf864e4ee30fe4e46a003d12491ca",
                "sha256:c05567e9c24a6b9faaa835c4821bad0590fbb9d5779e7caa6e1cc4978e7eb24f"
            ],
            "markers": "python_version >= '3.5'",
            "version": "==3.6"
        },
        "ijson": {
            "hashes": [
                "sha256:055b71bbc37af5c3c5861afe789e15211d2d3d06ac51ee5a647adf4def19c0ea",
                "sha256:0567e8c833825b119e74e10a7c29761dc65fcd155f5d4cb10f9d3b8916ef9912",
                "sha256:06f9707da06a19b01013f8c65bf67db523662a9b4a4ff027e946e66c261f17f0",
                "sha256:0974444c1f416e19de1e9f567a4560890095e71e81623c509feff642114c1e53",
                "sha256:0a4ae076bf97b0430e4e16c9cb635a6b773904aec45ed8dcbc9b17211b8569ba",
                "sha256:0b9d1141cfd1e6d6643aa0b4876730d0d28371815ce846d2e4e84a2d4f471cf3",
                "sha256:0e0243d166d11a2a47c17c7e885debf3b19ed136be2af1f5d1c34212850236ac",
                "sha256:10294e9bf89cb713da05bc4790bdff616610432db561964827074898e174f917",
                "sha256:105c314fd624e81ed20f925271ec506523b8dd236589ab6c0208b8707d652a0e",
                "sha256:1844c5b57da21466f255a0aeddf89049e730d7f3dfc4d750f0e65c36e6a61a7c",
                "sha256:211124cff9d9d139dd0dfced356f1472860352c055d2481459038b8205d7d742",
                "sha256:2a80c0bb1053055d1599e44dc1396f713e8b3407000e6390add72d49633ff3bb",
                "sha256:2cc04fc0a22bb945cd179f614845c8b5106c0b3939ee0d84ce67c7a61ac1a936",
                "sha256:2ec3e5ff2515f1c40ef6a94983158e172f004cd643b9e4b5302017139b6c96e4",
                "sha256:35194e0b8a2bda12b4096e2e792efa5d4801a0abb950c48ade351d479cd22ba5",
                "sha256:396338a655fb9af4ac59dd09c189885b51fa0eefc84d35408662031023c110d1",
                "sha256:39f551a6fbeed4433c85269c7c8778e2aaea2501d7ebcb65b38f556030642c17",
                "sha256:3b14d322fec0de7af16f3ef920bf282f0dd747200b69e0b9628117f381b7775b",
                "sha256:3c0d526ccb335c3c13063c273637d8611f32970603dfb182177b232d01f14c23",
                "sha256:3dcc33ee56f92a77f48776014ddb47af67c33dda361e84371153c4f1ed4434e1",
                "sha256:4252e48c95cd8ceefc2caade310559ab61c37d82dfa045928ed05328eb5b5f65",
                "sha256:455d7d3b7a6aacfb8ab1ebcaf697eedf5be66e044eac32508fccdc633d995f0e",
                "sha256:457f8a5fc559478ac6b06b6d37ebacb4811f8c5156e997f0d87d708b0d8ab2ae",
                "sha256:46bafb1b9959872a1f946f8dd9c6f1a30a970fc05b7bfae8579da3f1f988e598",
                "sha256:4a3a6a2fbbe7550ffe52d151cf76065e6b89cfb3e9d0463e49a7e322a25d0426",
                "sha256:4b2ec8c2a3f1742cbd5f36b65e192028e541b5fd8c7fd97c1fc0ca6c427c704a",
                "sha256:4fc35d569eff3afa76bfecf533f818ecb9390105be257f3f83c03204661ace70",
                "sha256:545a30b3659df2a3481593d30d60491d1594bc8005f99600e1bba647bb44cbb5",
                "sha256:644f4f03349ff2731fd515afd1c91b9e439e90c9f8c28292251834154edbffca",
                "sha256:674e585361c702fad050ab4c153fd168dc30f5980ef42b64400bc84d194e662d",
                "sha256:6a4db2f7fb9acfb855c9ae1aae602e4648dd1f88804a0d5cfb78c3639bcf156c",
                "sha256:6bd3e7e91d031f1e8cea7ce53f704ab74e61e505e8072467e092172422728b22",
                "sha256:6c32c18a934c1dc8917455b0ce478fd7a26c50c364bd52c5a4fb0fc6bb516af7",
                "sha256:6f662dc44362a53af3084d3765bb01cd7b4734d1f484a6095cad4cb0cbfe5374",
                "sha256:713a919e0220ac44dab12b5fed74f9130f3480e55e90f9d80f58de129ea24f83",
                "sha256:7596b42f38c3dcf9d434dddd50f46aeb28e96f891444c2b4b1266304a19a2c09",
                "sha256:7851a341429b12d4527ca507097c959659baf5106c7074d15c17c387719ffbcd",
                "sha256:7b8064a85ec1b0beda7dd028e887f7112670d574db606f68006c72dd0bb0e0e2",
                "sha256:7ce4c70c23521179d6da842bb9bc2e36bb9fad1e0187e35423ff0f282890c9ca",
                "sha256:7dc357da4b4ebd8903e77dbcc3ce0555ee29ebe0747c3c7f56adda423df8ec89",
                "sha256:81815b4184b85ce124bfc4c446d5f5e5e643fc119771c5916f035220ada29974",
                "sha256:85afdb3f3a5d0011584d4fa8e6dccc5936be51c27e84cd2882fe904ca3bd04c5",
                "sha256:86b3c91fdcb8ffb30556c9669930f02b7642de58ca2987845b04f0d7fe46d9a8",
                "sha256:904f77dd3d87736ff668884fe5197a184748eb0c3e302ded61706501d0327465",
                "sha256:916acdc5e504f8b66c3e287ada5d4b39a3275fc1f2013c4b05d1ab9933671a6c",
                "sha256:923131f5153c70936e8bd2dd9dcfcff43c67a3d1c789e9c96724747423c173eb",
                "sha256:92dc4d48e9f6a271292d6079e9fcdce33c83d1acf11e6e12696fb05c5889fe74",
                "sha256:96190d59f015b5a2af388a98446e411f58ecc6a93934e036daa75f75d02386a0",
                "sha256:9680e37a10fedb3eab24a4a7e749d8a73f26f1a4c901430e7aa81b5da15f7307",
                "sha256:9788f0c915351f41f0e69ec2618b81ebfcf9f13d9d67c6d404c7f5afda3e4afb",
                "sha256:98c6799925a5d1988da4cd68879b8eeab52c6e029acc45e03abb7921a4715c4b",
                "sha256:9c2a12dcdb6fa28f333bf10b3a0f80ec70bc45280d8435be7e19696fab2bc706",
                "sha256:9e0a27db6454edd6013d40a956d008361aac5bff375a9c04ab11fc8c214250b5",
                "sha256:a2973ce57afb142d96f35a14e9cfec08308ef178a2c76b8b5e1e98f3960438bf",
                "sha256:a4d7fe3629de3ecb088bff6dfe25f77be3e8261ed53d5e244717e266f8544305",
                "sha256:a729b0c8fb935481afe3cf7e0dadd0da3a69cc7f145dbab8502e2f1e01d85a7c",
                "sha256:ab4db9fee0138b60e31b3c02fff8a4c28d7b152040553b6a91b60354aebd4b02",
                "sha256:ac44781de5e901ce8339352bb5594fcb3b94ced315a34dbe840b4cff3450e23b",
                "sha256:b49fd5fe1cd9c1c8caf6c59f82b08117dd6bea2ec45b641594e25948f48f4169",
                "sha256:b4eb2304573c9fdf448d3fa4a4fdcb727b93002b5c5c56c14a5ffbbc39f64ae4",
                "sha256:ba33c764afa9ecef62801ba7ac0319268a7526f50f7601370d9f8f04e77fc02b",
                "sha256:bcc51c84bb220ac330122468fe526a7777faa6464e3b04c15b476761beea424f",
                "sha256:bdd0dc5da4f9dc6d12ab6e8e0c57d8b41d3c8f9ceed31a99dae7b2baf9ea769a",
                "sha256:be8495f7c13fa1f622a2c6b64e79ac63965b89caf664cc4e701c335c652d15f2",
                "sha256:c075a547de32f265a5dd139ab2035900fef6653951628862e5cdce0d101af557",
                "sha256:c1a4b8eb69b6d7b4e94170aa991efad75ba156b05f0de2a6cd84f991def12ff9",
                "sha256:c63f3d57dbbac56cead05b12b81e8e1e259f14ce7f233a8cbe7fa0996733b628",
                "sha256:c6beb80df19713e39e68dc5c337b5c76d36ccf69c30b79034634e5e4c14d6904",
                "sha256:ccd6be56335cbb845f3d3021b1766299c056c70c4c9165fb2fbe2d62258bae3f",
                "sha256:cfced0a6ec85916eb8c8e22415b7267ae118eaff2a860c42d2cc1261711d0d31",
                "sha256:d052417fd7ce2221114f8d3b58f05a83c1a2b6b99cafe0b86ac9ed5e2fc889df",
                "sha256:d1053fb5f0b010ee76ca515e6af36b50d26c1728ad46be12f1f147a835341083",
                "sha256:d31e0d771d82def80cd4663a66de277c3b44ba82cd48f630526b52f74663c639",
                "sha256:d34e049992d8a46922f96483e96b32ac4c9cffd01a5c33a928e70a283710cd58",
                "sha256:d6ea7c7e3ec44742e867c72fd750c6a1e35b112f88a917615332c4476e718d40",
                "sha256:db2d6341f9cb538253e7fe23311d59252f124f47165221d3c06a7ed667ecd595",
                "sha256:db3bf1b42191b5cc9b6441552fdcb3b583594cb6b19e90d1578b7cbcf80d0fae",
                "sha256:e641814793a037175f7ec1b717ebb68f26d89d82cfd66f36e588f32d7e488d5f",
                "sha256:e84d27d1acb60d9102728d06b9650e5b7e5cb0631bd6e3dfadba8fb6a80d6c2f",
                "sha256:e9fd906f0c38e9f0bfd5365e1bed98d649f506721f76bb1a9baa5d7374f26f19",
                "sha256:eaac293853f1342a8d2a45ac1f723c860f700860e7743fb97f7b76356df883a8",
                "sha256:eeb286639649fb6bed37997a5e30eefcacddac79476d24128348ec890b2a0ccb",
                "sha256:f05ed49f434ce396ddcf99e9fd98245328e99f991283850c309f5e3182211a79",
                "sha256:f4bc87e69d1997c6a55fff5ee2af878720801ff6ab1fb3b7f94adda050651e37",
                "sha256:f8d54b624629f9903005c58d9321a036c72f5c212701bbb93d1a520ecd15e370",
                "sha256:fa234ab7a6a33ed51494d9d2197fb96296f9217ecae57f5551a55589091e7853",
                "sha256:fa8b98be298efbb2588f883f9953113d8a0023ab39abe77fe734b71b46b1220a",
                "sha256:fbac4e9609a1086bbad075beb2ceec486a3b138604e12d2059a33ce2cba93051",
                "sha256:fd12e42b9cb9c0166559a3ffa276b4f9fc9d5b4c304e5a13668642d34b48b634"
            ],
            "index": "pypi",
            "version": "==3.2.3"
        },
        "itsdangerous": {
            "hashes": [
                "sha256:2c2349112351b88699d8d4b6b075022c0808887cb7ad10069318a8b0bc88db44",
                "sha256:5dbbc68b317e5e42f327f9021763545dc3fc3bfe22e6deb96aaf1fc38874156a"
            ],
            "markers": "python_version >= '3.7'",
            "version": "==2.1.2"
        },
        "jinja2": {
            "hashes": [
                "sha256:31351a702a408a9e7595a8fc6150fc3f43bb6bf7e319770cbc0db9df9437e852",
                "sha256:6088930bfe239f0e6710546ab9c19c9ef35e29792895fed6e6e31a023a182a61"
            ],
            "markers": "python_version >= '3.7'",
            "version": "==3.1.2"
        },
        "markupsafe": {
            "hashes": [
                "sha256:05fb21170423db021895e1ea1e1f3ab3adb85d1c2333cbc2310f2a26bc77272e",
                "sha256:0a4e4a1aff6c7ac4cd55792abf96c915634c2b97e3cc1c7129578aa68ebd754e",
                "sha256:10bbfe99883db80bdbaff2dcf681dfc6533a614f700da1287707e8a5d78a8431",
                "sha256:134da1eca9ec0ae528110ccc9e48041e0828d79f24121a1a146161103c76e686",
                "sha256:14ff806850827afd6b07a5f32bd917fb7f45b046ba40c57abdb636674a8b559c",
                "sha256:1577735524cdad32f9f694208aa75e422adba74f1baee7551620e43a3141f559",
                "sha256:1b40069d487e7edb2676d3fbdb2b0829ffa2cd63a2ec26c4938b2d34391b4ecc",
                "sha256:1b8dd8c3fd14349433c79fa8abeb573a55fc0fdd769133baac1f5e07abf54aeb",
                "sha256:1f67c7038d560d92149c060157d623c542173016c4babc0c1913cca0564b9939",
                "sha256:282c2cb35b5b673bbcadb33a585408104df04f14b2d9b01d4c345a3b92861c2c",
                "sha256:2c1b19b3aaacc6e57b7e25710ff571c24d6c3613a45e905b1fde04d691b98ee0",
                "sha256:2ef12179d3a291be237280175b542c07a36e7f60718296278d8593d21ca937d4",
                "sha256:338ae27d6b8745585f87218a3f23f1512dbf52c26c28e322dbe54bcede54ccb9",
                "sha256:3c0fae6c3be832a0a0473ac912810b2877c8cb9d76ca48de1ed31e1c68386575",
                "sha256:3fd4abcb888d15a94f32b75d8fd18ee162ca0c064f35b11134be77050296d6ba",
                "sha256:42de32b22b6b804f42c5d98be4f7e5e977ecdd9ee9b660fda1a3edf03b11792d",
                "sha256:47d4f1c5f80fc62fdd7777d0d40a2e9dda0a05883ab11374334f6c4de38adffd",
                "sha256:504b320cd4b7eff6f968eddf81127112db685e81f7e36e75f9f84f0df46041c3",
                "sha256:525808b8019e36eb524b8c68acdd63a37e75714eac50e988180b169d64480a00",
                "sha256:56d9f2ecac662ca1611d183feb03a3fa4406469dafe241673d521dd5ae92a155",
                "sha256:5bbe06f8eeafd38e5d0a4894ffec89378b6c6a625ff57e3028921f8ff59318ac",
                "sha256:65c1a9bcdadc6c28eecee2c119465aebff8f7a584dd719facdd9e825ec61ab52",
                "sha256:68e78619a61ecf91e76aa3e6e8e33fc4894a2bebe93410754bd28fce0a8a4f9f",
                "sha256:69c0f17e9f5a7afdf2cc9fb2d1ce6aabdb3bafb7f38017c0b77862bcec2bbad8",
                "sha256:6b2b56950d93e41f33b4223ead100ea0fe11f8e6ee5f641eb753ce4b77a7042b",
                "sha256:715d3562f79d540f251b99ebd6d8baa547118974341db04f5ad06d5ea3eb8007",
                "sha256:787003c0ddb00500e49a10f2844fac87aa6ce977b90b0feaaf9de23c22508b24",
                "sha256:7ef3cb2ebbf91e330e3bb937efada0edd9003683db6b57bb108c4001f37a02ea",
                "sha256:8023faf4e01efadfa183e863fefde0046de576c6f14659e8782065bcece22198",
                "sha256:8758846a7e80910096950b67071243da3e5a20ed2546e6392603c096778d48e0",
                "sha256:8afafd99945ead6e075b973fefa56379c5b5c53fd8937dad92c662da5d8fd5ee",
                "sha256:8c41976a29d078bb235fea9b2ecd3da465df42a562910f9022f1a03107bd02be",
                "sha256:8e254ae696c88d98da6555f5ace2279cf7cd5b3f52be2b5cf97feafe883b58d2",
                "sha256:8f9293864fe09b8149f0cc42ce56e3f0e54de883a9de90cd427f191c346eb2e1",
                "sha256:9402b03f1a1b4dc4c19845e5c749e3ab82d5078d16a2a4c2cd2df62d57bb0707",
                "sha256:962f82a3086483f5e5f64dbad880d31038b698494799b097bc59c2edf392fce6",
                "sha256:9aad3c1755095ce347e26488214ef77e0485a3c34a50c5a5e2471dff60b9dd9c",
                "sha256:9dcdfd0eaf283af041973bff14a2e143b8bd64e069f4c383416ecd79a81aab58",
                "sha256:aa57bd9cf8ae831a362185ee444e15a93ecb2e344c8e52e4d721ea3ab6ef1823",
                "sha256:aa7bd130efab1c280bed0f45501b7c8795f9fdbeb02e965371bbef3523627779",
                "sha256:ab4a0df41e7c16a1392727727e7998a467472d0ad65f3ad5e6e765015df08636",
                "sha256:ad9e82fb8f09ade1c3e1b996a6337afac2b8b9e365f926f5a61aacc71adc5b3c",
                "sha256:af598ed32d6ae86f1b747b82783958b1a4ab8f617b06fe68795c7f026abbdcad",
                "sha256:b076b6226fb84157e3f7c971a47ff3a679d837cf338547532ab866c57930dbee",
                "sha256:b7ff0f54cb4ff66dd38bebd335a38e2c22c41a8ee45aa608efc890ac3e3931bc",
                "sha256:bfce63a9e7834b12b87c64d6b155fdd9b3b96191b6bd334bf37db7ff1fe457f2",
                "sha256:c011a4149cfbcf9f03994ec2edffcb8b1dc2d2aede7ca243746df97a5d41ce48",
                "sha256:c9c804664ebe8f83a211cace637506669e7890fec1b4195b505c214e50dd4eb7",
                "sha256:ca379055a47383d02a5400cb0d110cef0a776fc644cda797db0c5696cfd7e18e",
                "sha256:cb0932dc158471523c9637e807d9bfb93e06a95cbf010f1a38b98623b929ef2b",
                "sha256:cd0f502fe016460680cd20aaa5a76d241d6f35a1c3350c474bac1273803893fa",
                "sha256:ceb01949af7121f9fc39f7d27f91be8546f3fb112c608bc4029aef0bab86a2a5",
                "sha256:d080e0a5eb2529460b30190fcfcc4199bd7f827663f858a226a81bc27beaa97e",
                "sha256:dd15ff04ffd7e05ffcb7fe79f1b98041b8ea30ae9234aed2a9168b5797c3effb",
                "sha256:df0be2b576a7abbf737b1575f048c23fb1d769f267ec4358296f31c2479db8f9",
                "sha256:e09031c87a1e51556fdcb46e5bd4f59dfb743061cf93c4d6831bf894f125eb57",
                "sha256:e4dd52d80b8c83fdce44e12478ad2e85c64ea965e75d66dbeafb0a3e77308fcc",
                "sha256:f698de3fd0c4e6972b92290a45bd9b1536bffe8c6759c62471efaa8acb4c37bc",
                "sha256:fec21693218efe39aa7f8599346e90c705afa52c5b31ae019b2e57e8f6542bb2",
                "sha256:ffcc3f7c66b5f5b7931a5aa68fc9cecc51e685ef90282f4a82f0f5e9b704ad11"
            ],
            "markers": "python_version >= '3.7'",
            "version": "==2.1.3"
        },
        "pymysql": {
            "hashes": [
                "sha256:4f13a7df8bf36a51e81dd9f3605fede45a4878fe02f9236349fd82a3f0612f96",
                "sha256:8969ec6d763c856f7073c4c64662882675702efcb114b4bcbb955aea3a069fa7"
            ],
            "index": "pypi",
            "markers": "python_version >= '3.7'",
            "version": "==1.1.0"
        },
        "sniffio": {
            "hashes": [
                "sha256:e60305c5e5d314f5389259b7f22aaa33d8f7dee49763119234af3755c55b9101",
                "sha256:eecefdce1e5bbfb7ad2eeaabf7c1eeb404d7757c379bd1f7e5cce9d8bf425384"
            ],
            "markers": "python_version >= '3.7'",
            "version": "==1.3.0"
        },
        "werkzeug": {
            "hashes": [
                "sha256:507e811ecea72b18a404947aded4b3390e1db8f826b494d76550ef45bb3b1dcc",
                "sha256:90a285dc0e42ad56b34e696398b8122ee4c681833fb35b8334a095d82c56da10"
            ],
            "markers": "python_version >= '3.8'",
            "version": "==3.0.1"
        }
    },
    "develop": {}
}
